
Microsoft Visual Studio Solution File, Format Version 12.00
# Visual Studio Version 17
VisualStudioVersion = 17.11.35312.102
MinimumVisualStudioVersion = 10.0.40219.1
Project("{FAE04EC0-301F-11D3-BF4B-00C04F79EFBC}") = "28.11 hw", "28.11 hw\28.11 hw.csproj", "{709C10F1-1AF3-41CC-9990-947EDBAE9F04}"
EndProject
Global
	GlobalSection(SolutionConfigurationPlatforms) = preSolution
		Debug|Any CPU = Debug|Any CPU
		Release|Any CPU = Release|Any CPU
	EndGlobalSection
	GlobalSection(ProjectConfigurationPlatforms) = postSolution
		{709C10F1-1AF3-41CC-9990-947EDBAE9F04}.Debug|Any CPU.ActiveCfg = Debug|Any CPU
		{709C10F1-1AF3-41CC-9990-947EDBAE9F04}.Debug|Any CPU.Build.0 = Debug|Any CPU
		{709C10F1-1AF3-41CC-9990-947EDBAE9F04}.Release|Any CPU.ActiveCfg = Release|Any CPU
		{709C10F1-1AF3-41CC-9990-947EDBAE9F04}.Release|Any CPU.Build.0 = Release|Any CPU
	EndGlobalSection
	GlobalSection(SolutionProperties) = preSolution
		HideSolutionNode = FALSE
	EndGlobalSection
	GlobalSection(ExtensibilityGlobals) = postSolution
		SolutionGuid = {C8E0DEF1-958A-4B66-A6C6-A0F3894314D1}
	EndGlobalSection
EndGlobal
